// !$*UTF8*$!
{
	archiveVersion = 1;
	classes = {
	};
	objectVersion = 50;
	objects = {

/* Begin PBXBuildFile section */
		5D1F2DA22763434E00961A79 /* rec_process.cc in Sources */ = {isa = PBXBuildFile; fileRef = 5D1F2D982763434E00961A79 /* rec_process.cc */; };
		5D1F2DA32763434E00961A79 /* utils.cc in Sources */ = {isa = PBXBuildFile; fileRef = 5D1F2D9C2763434E00961A79 /* utils.cc */; };
		5D1F2DA42763434E00961A79 /* db_post_process.cc in Sources */ = {isa = PBXBuildFile; fileRef = 5D1F2D9D2763434E00961A79 /* db_post_process.cc */; };
		5D1F2DA52763434E00961A79 /* pipeline.cc in Sources */ = {isa = PBXBuildFile; fileRef = 5D1F2D9F2763434E00961A79 /* pipeline.cc */; };
		5D1F2DA62763434E00961A79 /* cls_process.cc in Sources */ = {isa = PBXBuildFile; fileRef = 5D1F2DA02763434E00961A79 /* cls_process.cc */; };
		5D1F2DA72763434E00961A79 /* det_process.cc in Sources */ = {isa = PBXBuildFile; fileRef = 5D1F2DA12763434E00961A79 /* det_process.cc */; };
		5D21D082275A088000403428 /* opencv2.framework in Frameworks */ = {isa = PBXBuildFile; fileRef = 5D21D07E275A077E00403428 /* opencv2.framework */; };
		5DA739192757ABAD00CFB173 /* clipper.cpp in Sources */ = {isa = PBXBuildFile; fileRef = 5DDD420527521B4A00E3C227 /* clipper.cpp */; };
		5DD35C5127587E9D002ED1DA /* libpaddle_api_light_bundled.a in Frameworks */ = {isa = PBXBuildFile; fileRef = 5DD35C5027587E9D002ED1DA /* libpaddle_api_light_bundled.a */; };
		5DD35C5C27588047002ED1DA /* clipper.hpp in Sources */ = {isa = PBXBuildFile; fileRef = 5DDD420627521B4A00E3C227 /* clipper.hpp */; };
		5DDD41CA2752124D00E3C227 /* ViewController.mm in Sources */ = {isa = PBXBuildFile; fileRef = 5DDD41AA2752124D00E3C227 /* ViewController.mm */; };
		5DDD41CE2752124D00E3C227 /* Assets.xcassets in Resources */ = {isa = PBXBuildFile; fileRef = 5DDD41B82752124D00E3C227 /* Assets.xcassets */; };
		5DDD41CF2752124D00E3C227 /* ch_ppocr_mobile_v2.0_det_slim_opt.nb in Resources */ = {isa = PBXBuildFile; fileRef = 5DDD41BA2752124D00E3C227 /* ch_ppocr_mobile_v2.0_det_slim_opt.nb */; };
		5DDD41D12752124D00E3C227 /* ch_ppocr_mobile_v2.0_rec_slim_opt.nb in Resources */ = {isa = PBXBuildFile; fileRef = 5DDD41BC2752124D00E3C227 /* ch_ppocr_mobile_v2.0_rec_slim_opt.nb */; };
		5DDD41D22752124D00E3C227 /* LaunchScreen.storyboard in Resources */ = {isa = PBXBuildFile; fileRef = 5DDD41BD2752124D00E3C227 /* LaunchScreen.storyboard */; };
		5DDD41D32752124D00E3C227 /* Main.storyboard in Resources */ = {isa = PBXBuildFile; fileRef = 5DDD41BF2752124D00E3C227 /* Main.storyboard */; };
		5DDD41D42752124D00E3C227 /* README.md in Resources */ = {isa = PBXBuildFile; fileRef = 5DDD41C12752124D00E3C227 /* README.md */; };
		5DDD41D52752124D00E3C227 /* main.m in Sources */ = {isa = PBXBuildFile; fileRef = 5DDD41C32752124D00E3C227 /* main.m */; };
		5DDD41D72752124D00E3C227 /* AppDelegate.m in Sources */ = {isa = PBXBuildFile; fileRef = 5DDD41C62752124D00E3C227 /* AppDelegate.m */; };
		5DDD41FE2752159900E3C227 /* test.jpg in Resources */ = {isa = PBXBuildFile; fileRef = 5DDD41FA2752159900E3C227 /* test.jpg */; };
		5DDD41FF2752159900E3C227 /* config.txt in Resources */ = {isa = PBXBuildFile; fileRef = 5DDD41FB2752159900E3C227 /* config.txt */; };
		5DDD42002752159900E3C227 /* ppocr_keys_v1.txt in Resources */ = {isa = PBXBuildFile; fileRef = 5DDD41FD2752159900E3C227 /* ppocr_keys_v1.txt */; };
		5DE59B4B2756278D00CF3993 /* ch_ppocr_mobile_v2.0_cls_slim_opt.nb in Resources */ = {isa = PBXBuildFile; fileRef = 5DDD41BB2752124D00E3C227 /* ch_ppocr_mobile_v2.0_cls_slim_opt.nb */; };
		E0A5357B219AA3D1005A6056 /* AVFoundation.framework in Frameworks */ = {isa = PBXBuildFile; fileRef = E0A5357A219AA3D1005A6056 /* AVFoundation.framework */; };
		E0A5357D219AA3DF005A6056 /* AssetsLibrary.framework in Frameworks */ = {isa = PBXBuildFile; fileRef = E0A5357C219AA3DE005A6056 /* AssetsLibrary.framework */; };
		E0A5357F219AA3E7005A6056 /* CoreMedia.framework in Frameworks */ = {isa = PBXBuildFile; fileRef = E0A5357E219AA3E7005A6056 /* CoreMedia.framework */; };
/* End PBXBuildFile section */

/* Begin PBXFileReference section */
		5D1F2D982763434E00961A79 /* rec_process.cc */ = {isa = PBXFileReference; fileEncoding = 4; lastKnownFileType = sourcecode.cpp.cpp; path = rec_process.cc; sourceTree = "<group>"; };
		5D1F2D992763434E00961A79 /* det_process.h */ = {isa = PBXFileReference; fileEncoding = 4; lastKnownFileType = sourcecode.c.h; path = det_process.h; sourceTree = "<group>"; };
		5D1F2D9A2763434E00961A79 /* pipeline.h */ = {isa = PBXFileReference; fileEncoding = 4; lastKnownFileType = sourcecode.c.h; path = pipeline.h; sourceTree = "<group>"; };
		5D1F2D9B2763434E00961A79 /* rec_process.h */ = {isa = PBXFileReference; fileEncoding = 4; lastKnownFileType = sourcecode.c.h; path = rec_process.h; sourceTree = "<group>"; };
		5D1F2D9C2763434E00961A79 /* utils.cc */ = {isa = PBXFileReference; fileEncoding = 4; lastKnownFileType = sourcecode.cpp.cpp; path = utils.cc; sourceTree = "<group>"; };
		5D1F2D9D2763434E00961A79 /* db_post_process.cc */ = {isa = PBXFileReference; fileEncoding = 4; lastKnownFileType = sourcecode.cpp.cpp; path = db_post_process.cc; sourceTree = "<group>"; };
		5D1F2D9E2763434E00961A79 /* utils.h */ = {isa = PBXFileReference; fileEncoding = 4; lastKnownFileType = sourcecode.c.h; path = utils.h; sourceTree = "<group>"; };
		5D1F2D9F2763434E00961A79 /* pipeline.cc */ = {isa = PBXFileReference; fileEncoding = 4; lastKnownFileType = sourcecode.cpp.cpp; path = pipeline.cc; sourceTree = "<group>"; };
		5D1F2DA02763434E00961A79 /* cls_process.cc */ = {isa = PBXFileReference; fileEncoding = 4; lastKnownFileType = sourcecode.cpp.cpp; path = cls_process.cc; sourceTree = "<group>"; };
		5D1F2DA12763434E00961A79 /* det_process.cc */ = {isa = PBXFileReference; fileEncoding = 4; lastKnownFileType = sourcecode.cpp.cpp; path = det_process.cc; sourceTree = "<group>"; };
		5D1F2DEE27635B4000961A79 /* paddle_lite_factory_helper.h */ = {isa = PBXFileReference; fileEncoding = 4; lastKnownFileType = sourcecode.c.h; path = paddle_lite_factory_helper.h; sourceTree = "<group>"; };
		5D1F2DEF27635B4000961A79 /* paddle_use_ops.h */ = {isa = PBXFileReference; fileEncoding = 4; lastKnownFileType = sourcecode.c.h; path = paddle_use_ops.h; sourceTree = "<group>"; };
		5D1F2DF027635B4000961A79 /* paddle_use_kernels.h */ = {isa = PBXFileReference; fileEncoding = 4; lastKnownFileType = sourcecode.c.h; path = paddle_use_kernels.h; sourceTree = "<group>"; };
		5D1F2DF127635B4000961A79 /* paddle_use_passes.h */ = {isa = PBXFileReference; fileEncoding = 4; lastKnownFileType = sourcecode.c.h; path = paddle_use_passes.h; sourceTree = "<group>"; };
		5D1F2DF227635B4000961A79 /* paddle_image_preprocess.h */ = {isa = PBXFileReference; fileEncoding = 4; lastKnownFileType = sourcecode.c.h; path = paddle_image_preprocess.h; sourceTree = "<group>"; };
		5D1F2DF327635B4000961A79 /* paddle_place.h */ = {isa = PBXFileReference; fileEncoding = 4; lastKnownFileType = sourcecode.c.h; path = paddle_place.h; sourceTree = "<group>"; };
		5D1F2DF427635B4000961A79 /* paddle_api.h */ = {isa = PBXFileReference; fileEncoding = 4; lastKnownFileType = sourcecode.c.h; path = paddle_api.h; sourceTree = "<group>"; };
		5D1F2DF827635C7000961A79 /* paddle_lite_factory_helper.h */ = {isa = PBXFileReference; fileEncoding = 4; lastKnownFileType = sourcecode.c.h; path = paddle_lite_factory_helper.h; sourceTree = "<group>"; };
		5D1F2DF927635C7000961A79 /* paddle_use_ops.h */ = {isa = PBXFileReference; fileEncoding = 4; lastKnownFileType = sourcecode.c.h; path = paddle_use_ops.h; sourceTree = "<group>"; };
		5D1F2DFA27635C7000961A79 /* paddle_use_kernels.h */ = {isa = PBXFileReference; fileEncoding = 4; lastKnownFileType = sourcecode.c.h; path = paddle_use_kernels.h; sourceTree = "<group>"; };
		5D1F2DFB27635C7000961A79 /* paddle_use_passes.h */ = {isa = PBXFileReference; fileEncoding = 4; lastKnownFileType = sourcecode.c.h; path = paddle_use_passes.h; sourceTree = "<group>"; };
		5D1F2DFC27635C7000961A79 /* paddle_image_preprocess.h */ = {isa = PBXFileReference; fileEncoding = 4; lastKnownFileType = sourcecode.c.h; path = paddle_image_preprocess.h; sourceTree = "<group>"; };
		5D1F2DFD27635C7000961A79 /* paddle_place.h */ = {isa = PBXFileReference; fileEncoding = 4; lastKnownFileType = sourcecode.c.h; path = paddle_place.h; sourceTree = "<group>"; };
		5D1F2DFE27635C7000961A79 /* paddle_api.h */ = {isa = PBXFileReference; fileEncoding = 4; lastKnownFileType = sourcecode.c.h; path = paddle_api.h; sourceTree = "<group>"; };
		5D21D07E275A077E00403428 /* opencv2.framework */ = {isa = PBXFileReference; lastKnownFileType = wrapper.framework; name = opencv2.framework; path = ../../../../opencv2.framework; sourceTree = "<group>"; };
		5DD35C5027587E9D002ED1DA /* libpaddle_api_light_bundled.a */ = {isa = PBXFileReference; lastKnownFileType = archive.ar; name = libpaddle_api_light_bundled.a; path = ../../../../../libs/ios/inference_lite_lib.ios64.armv8/lib/libpaddle_api_light_bundled.a; sourceTree = "<group>"; };
		5DDD41AA2752124D00E3C227 /* ViewController.mm */ = {isa = PBXFileReference; fileEncoding = 4; lastKnownFileType = sourcecode.cpp.objcpp; path = ViewController.mm; sourceTree = "<group>"; };
		5DDD41AB2752124D00E3C227 /* AppDelegate.h */ = {isa = PBXFileReference; fileEncoding = 4; lastKnownFileType = sourcecode.c.h; path = AppDelegate.h; sourceTree = "<group>"; };
		5DDD41B82752124D00E3C227 /* Assets.xcassets */ = {isa = PBXFileReference; lastKnownFileType = folder.assetcatalog; path = Assets.xcassets; sourceTree = "<group>"; };
		5DDD41BA2752124D00E3C227 /* ch_ppocr_mobile_v2.0_det_slim_opt.nb */ = {isa = PBXFileReference; lastKnownFileType = file; path = ch_ppocr_mobile_v2.0_det_slim_opt.nb; sourceTree = "<group>"; };
		5DDD41BB2752124D00E3C227 /* ch_ppocr_mobile_v2.0_cls_slim_opt.nb */ = {isa = PBXFileReference; lastKnownFileType = file; path = ch_ppocr_mobile_v2.0_cls_slim_opt.nb; sourceTree = "<group>"; };
		5DDD41BC2752124D00E3C227 /* ch_ppocr_mobile_v2.0_rec_slim_opt.nb */ = {isa = PBXFileReference; lastKnownFileType = file; path = ch_ppocr_mobile_v2.0_rec_slim_opt.nb; sourceTree = "<group>"; };
		5DDD41BE2752124D00E3C227 /* Base */ = {isa = PBXFileReference; lastKnownFileType = file.storyboard; name = Base; path = Base.lproj/LaunchScreen.storyboard; sourceTree = "<group>"; };
		5DDD41C02752124D00E3C227 /* Base */ = {isa = PBXFileReference; lastKnownFileType = file.storyboard; name = Base; path = Base.lproj/Main.storyboard; sourceTree = "<group>"; };
		5DDD41C12752124D00E3C227 /* README.md */ = {isa = PBXFileReference; fileEncoding = 4; lastKnownFileType = net.daringfireball.markdown; path = README.md; sourceTree = "<group>"; };
		5DDD41C22752124D00E3C227 /* timer.h */ = {isa = PBXFileReference; fileEncoding = 4; lastKnownFileType = sourcecode.c.h; path = timer.h; sourceTree = "<group>"; };
		5DDD41C32752124D00E3C227 /* main.m */ = {isa = PBXFileReference; fileEncoding = 4; lastKnownFileType = sourcecode.c.objc; path = main.m; sourceTree = "<group>"; };
		5DDD41C62752124D00E3C227 /* AppDelegate.m */ = {isa = PBXFileReference; fileEncoding = 4; lastKnownFileType = sourcecode.c.objc; path = AppDelegate.m; sourceTree = "<group>"; };
		5DDD41C82752124D00E3C227 /* Info.plist */ = {isa = PBXFileReference; fileEncoding = 4; lastKnownFileType = text.plist.xml; path = Info.plist; sourceTree = "<group>"; };
		5DDD41C92752124D00E3C227 /* ViewController.h */ = {isa = PBXFileReference; fileEncoding = 4; lastKnownFileType = sourcecode.c.h; path = ViewController.h; sourceTree = "<group>"; };
		5DDD41DC275212BE00E3C227 /* cls_process.h */ = {isa = PBXFileReference; lastKnownFileType = sourcecode.c.h; path = cls_process.h; sourceTree = "<group>"; };
		5DDD41DE275212ED00E3C227 /* db_post_process.h */ = {isa = PBXFileReference; lastKnownFileType = sourcecode.c.h; path = db_post_process.h; sourceTree = "<group>"; };
		5DDD41FA2752159900E3C227 /* test.jpg */ = {isa = PBXFileReference; lastKnownFileType = image.jpeg; path = test.jpg; sourceTree = "<group>"; };
		5DDD41FB2752159900E3C227 /* config.txt */ = {isa = PBXFileReference; fileEncoding = 4; lastKnownFileType = text; path = config.txt; sourceTree = "<group>"; };
		5DDD41FD2752159900E3C227 /* ppocr_keys_v1.txt */ = {isa = PBXFileReference; fileEncoding = 4; lastKnownFileType = text; path = ppocr_keys_v1.txt; sourceTree = "<group>"; };
		5DDD420527521B4A00E3C227 /* clipper.cpp */ = {isa = PBXFileReference; lastKnownFileType = sourcecode.cpp.cpp; path = clipper.cpp; sourceTree = "<group>"; };
		5DDD420627521B4A00E3C227 /* clipper.hpp */ = {isa = PBXFileReference; lastKnownFileType = sourcecode.cpp.h; path = clipper.hpp; sourceTree = "<group>"; };
		E0A53554219A8329005A6056 /* detection_demo.app */ = {isa = PBXFileReference; explicitFileType = wrapper.application; includeInIndex = 0; path = detection_demo.app; sourceTree = BUILT_PRODUCTS_DIR; };
		E0A5357A219AA3D1005A6056 /* AVFoundation.framework */ = {isa = PBXFileReference; lastKnownFileType = wrapper.framework; name = AVFoundation.framework; path = System/Library/Frameworks/AVFoundation.framework; sourceTree = SDKROOT; };
		E0A5357C219AA3DE005A6056 /* AssetsLibrary.framework */ = {isa = PBXFileReference; lastKnownFileType = wrapper.framework; name = AssetsLibrary.framework; path = System/Library/Frameworks/AssetsLibrary.framework; sourceTree = SDKROOT; };
		E0A5357E219AA3E7005A6056 /* CoreMedia.framework */ = {isa = PBXFileReference; lastKnownFileType = wrapper.framework; name = CoreMedia.framework; path = System/Library/Frameworks/CoreMedia.framework; sourceTree = SDKROOT; };
/* End PBXFileReference section */

/* Begin PBXFrameworksBuildPhase section */
		E0A53551219A8329005A6056 /* Frameworks */ = {
			isa = PBXFrameworksBuildPhase;
			buildActionMask = 2147483647;
			files = (
				5DD35C5127587E9D002ED1DA /* libpaddle_api_light_bundled.a in Frameworks */,
				E0A5357F219AA3E7005A6056 /* CoreMedia.framework in Frameworks */,
				E0A5357D219AA3DF005A6056 /* AssetsLibrary.framework in Frameworks */,
				5D21D082275A088000403428 /* opencv2.framework in Frameworks */,
				E0A5357B219AA3D1005A6056 /* AVFoundation.framework in Frameworks */,
			);
			runOnlyForDeploymentPostprocessing = 0;
		};
/* End PBXFrameworksBuildPhase section */

/* Begin PBXGroup section */
		5D1F2DED27635B4000961A79 /* include */ = {
			isa = PBXGroup;
			children = (
				5D1F2DEE27635B4000961A79 /* paddle_lite_factory_helper.h */,
				5D1F2DEF27635B4000961A79 /* paddle_use_ops.h */,
				5D1F2DF027635B4000961A79 /* paddle_use_kernels.h */,
				5D1F2DF127635B4000961A79 /* paddle_use_passes.h */,
				5D1F2DF227635B4000961A79 /* paddle_image_preprocess.h */,
				5D1F2DF327635B4000961A79 /* paddle_place.h */,
				5D1F2DF427635B4000961A79 /* paddle_api.h */,
			);
			name = include;
			path = "../../../Paddle-Lite-Demo/ocr/iOS/ocr_db_crnn_demo/ocr_db_crnn_demo/include";
			sourceTree = "<group>";
		};
		5D1F2DF727635C7000961A79 /* include */ = {
			isa = PBXGroup;
			children = (
				5D1F2DF827635C7000961A79 /* paddle_lite_factory_helper.h */,
				5D1F2DF927635C7000961A79 /* paddle_use_ops.h */,
				5D1F2DFA27635C7000961A79 /* paddle_use_kernels.h */,
				5D1F2DFB27635C7000961A79 /* paddle_use_passes.h */,
				5D1F2DFC27635C7000961A79 /* paddle_image_preprocess.h */,
				5D1F2DFD27635C7000961A79 /* paddle_place.h */,
				5D1F2DFE27635C7000961A79 /* paddle_api.h */,
			);
			name = include;
			path = ../../../../libs/android/cxx/include;
			sourceTree = "<group>";
		};
		5DDD41A92752124D00E3C227 /* ocr_db_crnn_demo */ = {
			isa = PBXGroup;
			children = (
				5D1F2DED27635B4000961A79 /* include */,
				5D1F2DF727635C7000961A79 /* include */,
				5D1F2DA02763434E00961A79 /* cls_process.cc */,
				5D1F2D9D2763434E00961A79 /* db_post_process.cc */,
				5D1F2DA12763434E00961A79 /* det_process.cc */,
				5D1F2D992763434E00961A79 /* det_process.h */,
				5D1F2D9F2763434E00961A79 /* pipeline.cc */,
				5D1F2D9A2763434E00961A79 /* pipeline.h */,
				5D1F2D982763434E00961A79 /* rec_process.cc */,
				5D1F2D9B2763434E00961A79 /* rec_process.h */,
				5D1F2D9C2763434E00961A79 /* utils.cc */,
				5D1F2D9E2763434E00961A79 /* utils.h */,
				5DDD421A275228B500E3C227 /* lib */,
				5DDD41FB2752159900E3C227 /* config.txt */,
				5DDD41F92752159900E3C227 /* images */,
				5DDD41FC2752159900E3C227 /* labels */,
				5DDD41AA2752124D00E3C227 /* ViewController.mm */,
				5DDD41AB2752124D00E3C227 /* AppDelegate.h */,
				5DDD41B82752124D00E3C227 /* Assets.xcassets */,
				5DDD41B92752124D00E3C227 /* models */,
				5DDD41BD2752124D00E3C227 /* LaunchScreen.storyboard */,
				5DDD41BF2752124D00E3C227 /* Main.storyboard */,
				5DDD41C12752124D00E3C227 /* README.md */,
				5DDD41C22752124D00E3C227 /* timer.h */,
				5DDD41C32752124D00E3C227 /* main.m */,
				5DDD41C62752124D00E3C227 /* AppDelegate.m */,
				5DDD41C82752124D00E3C227 /* Info.plist */,
				5DDD41C92752124D00E3C227 /* ViewController.h */,
				5DDD41DC275212BE00E3C227 /* cls_process.h */,
				5DDD41DE275212ED00E3C227 /* db_post_process.h */,
				5DDD420527521B4A00E3C227 /* clipper.cpp */,
				5DDD420627521B4A00E3C227 /* clipper.hpp */,
			);
			path = ocr_db_crnn_demo;
			sourceTree = "<group>";
		};
		5DDD41B92752124D00E3C227 /* models */ = {
			isa = PBXGroup;
			children = (
				5DDD41BA2752124D00E3C227 /* ch_ppocr_mobile_v2.0_det_slim_opt.nb */,
				5DDD41BB2752124D00E3C227 /* ch_ppocr_mobile_v2.0_cls_slim_opt.nb */,
				5DDD41BC2752124D00E3C227 /* ch_ppocr_mobile_v2.0_rec_slim_opt.nb */,
			);
			path = models;
			sourceTree = "<group>";
		};
		5DDD41F92752159900E3C227 /* images */ = {
			isa = PBXGroup;
			children = (
				5DDD41FA2752159900E3C227 /* test.jpg */,
			);
			path = images;
			sourceTree = "<group>";
		};
		5DDD41FC2752159900E3C227 /* labels */ = {
			isa = PBXGroup;
			children = (
				5DDD41FD2752159900E3C227 /* ppocr_keys_v1.txt */,
			);
			path = labels;
			sourceTree = "<group>";
		};
		5DDD421A275228B500E3C227 /* lib */ = {
			isa = PBXGroup;
			children = (
				5DD35C5027587E9D002ED1DA /* libpaddle_api_light_bundled.a */,
			);
			path = lib;
			sourceTree = "<group>";
		};
		E0A5354B219A8329005A6056 = {
			isa = PBXGroup;
			children = (
				5DDD41A92752124D00E3C227 /* ocr_db_crnn_demo */,
				E0A53555219A8329005A6056 /* Products */,
				E0A53570219A8945005A6056 /* Frameworks */,
			);
			sourceTree = "<group>";
		};
		E0A53555219A8329005A6056 /* Products */ = {
			isa = PBXGroup;
			children = (
				E0A53554219A8329005A6056 /* detection_demo.app */,
			);
			name = Products;
			sourceTree = "<group>";
		};
		E0A53570219A8945005A6056 /* Frameworks */ = {
			isa = PBXGroup;
			children = (
				5D21D07E275A077E00403428 /* opencv2.framework */,
				E0A5357E219AA3E7005A6056 /* CoreMedia.framework */,
				E0A5357C219AA3DE005A6056 /* AssetsLibrary.framework */,
				E0A5357A219AA3D1005A6056 /* AVFoundation.framework */,
			);
			name = Frameworks;
			sourceTree = "<group>";
		};
/* End PBXGroup section */

/* Begin PBXNativeTarget section */
		E0A53553219A8329005A6056 /* detection_demo */ = {
			isa = PBXNativeTarget;
			buildConfigurationList = E0A5356A219A832E005A6056 /* Build configuration list for PBXNativeTarget "detection_demo" */;
			buildPhases = (
				E0A53550219A8329005A6056 /* Sources */,
				E0A53551219A8329005A6056 /* Frameworks */,
				E0A53552219A8329005A6056 /* Resources */,
			);
			buildRules = (
			);
			dependencies = (
			);
			name = detection_demo;
			productName = seg_demo;
			productReference = E0A53554219A8329005A6056 /* detection_demo.app */;
			productType = "com.apple.product-type.application";
		};
/* End PBXNativeTarget section */

/* Begin PBXProject section */
		E0A5354C219A8329005A6056 /* Project object */ = {
			isa = PBXProject;
			attributes = {
				LastUpgradeCheck = 1010;
				ORGANIZATIONNAME = "Li,Xiaoyang(SYS)";
				TargetAttributes = {
					E0A53553219A8329005A6056 = {
						CreatedOnToolsVersion = 10.1;
						LastSwiftMigration = 1240;
					};
				};
			};
			buildConfigurationList = E0A5354F219A8329005A6056 /* Build configuration list for PBXProject "ocr_db_crnn_demo" */;
			compatibilityVersion = "Xcode 9.3";
			developmentRegion = en;
			hasScannedForEncodings = 0;
			knownRegions = (
				en,
				Base,
			);
			mainGroup = E0A5354B219A8329005A6056;
			productRefGroup = E0A53555219A8329005A6056 /* Products */;
			projectDirPath = "";
			projectRoot = "";
			targets = (
				E0A53553219A8329005A6056 /* detection_demo */,
			);
		};
/* End PBXProject section */

/* Begin PBXResourcesBuildPhase section */
		E0A53552219A8329005A6056 /* Resources */ = {
			isa = PBXResourcesBuildPhase;
			buildActionMask = 2147483647;
			files = (
				5DE59B4B2756278D00CF3993 /* ch_ppocr_mobile_v2.0_cls_slim_opt.nb in Resources */,
				5DDD42002752159900E3C227 /* ppocr_keys_v1.txt in Resources */,
				5DDD41D12752124D00E3C227 /* ch_ppocr_mobile_v2.0_rec_slim_opt.nb in Resources */,
				5DDD41CF2752124D00E3C227 /* ch_ppocr_mobile_v2.0_det_slim_opt.nb in Resources */,
				5DDD41D22752124D00E3C227 /* LaunchScreen.storyboard in Resources */,
				5DDD41FF2752159900E3C227 /* config.txt in Resources */,
				5DDD41FE2752159900E3C227 /* test.jpg in Resources */,
				5DDD41D42752124D00E3C227 /* README.md in Resources */,
				5DDD41CE2752124D00E3C227 /* Assets.xcassets in Resources */,
				5DDD41D32752124D00E3C227 /* Main.storyboard in Resources */,
			);
			runOnlyForDeploymentPostprocessing = 0;
		};
/* End PBXResourcesBuildPhase section */

/* Begin PBXSourcesBuildPhase section */
		E0A53550219A8329005A6056 /* Sources */ = {
			isa = PBXSourcesBuildPhase;
			buildActionMask = 2147483647;
			files = (
				5D1F2DA62763434E00961A79 /* cls_process.cc in Sources */,
				5DD35C5C27588047002ED1DA /* clipper.hpp in Sources */,
				5D1F2DA72763434E00961A79 /* det_process.cc in Sources */,
				5DA739192757ABAD00CFB173 /* clipper.cpp in Sources */,
				5DDD41D52752124D00E3C227 /* main.m in Sources */,
				5DDD41CA2752124D00E3C227 /* ViewController.mm in Sources */,
				5D1F2DA22763434E00961A79 /* rec_process.cc in Sources */,
				5DDD41D72752124D00E3C227 /* AppDelegate.m in Sources */,
				5D1F2DA32763434E00961A79 /* utils.cc in Sources */,
				5D1F2DA42763434E00961A79 /* db_post_process.cc in Sources */,
				5D1F2DA52763434E00961A79 /* pipeline.cc in Sources */,
			);
			runOnlyForDeploymentPostprocessing = 0;
		};
/* End PBXSourcesBuildPhase section */

/* Begin PBXVariantGroup section */
		5DDD41BD2752124D00E3C227 /* LaunchScreen.storyboard */ = {
			isa = PBXVariantGroup;
			children = (
				5DDD41BE2752124D00E3C227 /* Base */,
			);
			name = LaunchScreen.storyboard;
			sourceTree = "<group>";
		};
		5DDD41BF2752124D00E3C227 /* Main.storyboard */ = {
			isa = PBXVariantGroup;
			children = (
				5DDD41C02752124D00E3C227 /* Base */,
			);
			name = Main.storyboard;
			sourceTree = "<group>";
		};
/* End PBXVariantGroup section */

/* Begin XCBuildConfiguration section */
		E0A53568219A832E005A6056 /* Debug */ = {
			isa = XCBuildConfiguration;
			buildSettings = {
				ALWAYS_SEARCH_USER_PATHS = YES;
				CLANG_ANALYZER_NONNULL = YES;
				CLANG_ANALYZER_NUMBER_OBJECT_CONVERSION = YES_AGGRESSIVE;
				CLANG_CXX_LANGUAGE_STANDARD = "gnu++14";
				CLANG_CXX_LIBRARY = "libc++";
				CLANG_ENABLE_MODULES = YES;
				CLANG_ENABLE_OBJC_ARC = YES;
				CLANG_ENABLE_OBJC_WEAK = YES;
				CLANG_WARN_BLOCK_CAPTURE_AUTORELEASING = YES;
				CLANG_WARN_BOOL_CONVERSION = YES;
				CLANG_WARN_COMMA = YES;
				CLANG_WARN_CONSTANT_CONVERSION = YES;
				CLANG_WARN_DEPRECATED_OBJC_IMPLEMENTATIONS = YES;
				CLANG_WARN_DIRECT_OBJC_ISA_USAGE = YES_ERROR;
				CLANG_WARN_DOCUMENTATION_COMMENTS = YES;
				CLANG_WARN_EMPTY_BODY = YES;
				CLANG_WARN_ENUM_CONVERSION = YES;
				CLANG_WARN_INFINITE_RECURSION = YES;
				CLANG_WARN_INT_CONVERSION = YES;
				CLANG_WARN_NON_LITERAL_NULL_CONVERSION = YES;
				CLANG_WARN_OBJC_IMPLICIT_RETAIN_SELF = YES;
				CLANG_WARN_OBJC_LITERAL_CONVERSION = YES;
				CLANG_WARN_OBJC_ROOT_CLASS = YES_ERROR;
				CLANG_WARN_RANGE_LOOP_ANALYSIS = YES;
				CLANG_WARN_STRICT_PROTOTYPES = YES;
				CLANG_WARN_SUSPICIOUS_MOVE = YES;
				CLANG_WARN_UNGUARDED_AVAILABILITY = YES_AGGRESSIVE;
				CLANG_WARN_UNREACHABLE_CODE = YES;
				CLANG_WARN__DUPLICATE_METHOD_MATCH = YES;
				CODE_SIGN_IDENTITY = "iPhone Developer";
				COPY_PHASE_STRIP = NO;
				DEBUG_INFORMATION_FORMAT = dwarf;
				ENABLE_STRICT_OBJC_MSGSEND = YES;
				ENABLE_TESTABILITY = YES;
				GCC_C_LANGUAGE_STANDARD = gnu11;
				GCC_DYNAMIC_NO_PIC = NO;
				GCC_NO_COMMON_BLOCKS = YES;
				GCC_OPTIMIZATION_LEVEL = 0;
				GCC_PREPROCESSOR_DEFINITIONS = (
					"DEBUG=1",
					"$(inherited)",
				);
				GCC_WARN_64_TO_32_BIT_CONVERSION = YES;
				GCC_WARN_ABOUT_RETURN_TYPE = YES_ERROR;
				GCC_WARN_UNDECLARED_SELECTOR = YES;
				GCC_WARN_UNINITIALIZED_AUTOS = YES_AGGRESSIVE;
				GCC_WARN_UNUSED_FUNCTION = YES;
				GCC_WARN_UNUSED_VARIABLE = YES;
				IPHONEOS_DEPLOYMENT_TARGET = 12.1;
				MTL_ENABLE_DEBUG_INFO = INCLUDE_SOURCE;
				MTL_FAST_MATH = YES;
				ONLY_ACTIVE_ARCH = YES;
				SDKROOT = iphoneos;
			};
			name = Debug;
		};
		E0A53569219A832E005A6056 /* Release */ = {
			isa = XCBuildConfiguration;
			buildSettings = {
				ALWAYS_SEARCH_USER_PATHS = YES;
				CLANG_ANALYZER_NONNULL = YES;
				CLANG_ANALYZER_NUMBER_OBJECT_CONVERSION = YES_AGGRESSIVE;
				CLANG_CXX_LANGUAGE_STANDARD = "gnu++14";
				CLANG_CXX_LIBRARY = "libc++";
				CLANG_ENABLE_MODULES = YES;
				CLANG_ENABLE_OBJC_ARC = YES;
				CLANG_ENABLE_OBJC_WEAK = YES;
				CLANG_WARN_BLOCK_CAPTURE_AUTORELEASING = YES;
				CLANG_WARN_BOOL_CONVERSION = YES;
				CLANG_WARN_COMMA = YES;
				CLANG_WARN_CONSTANT_CONVERSION = YES;
				CLANG_WARN_DEPRECATED_OBJC_IMPLEMENTATIONS = YES;
				CLANG_WARN_DIRECT_OBJC_ISA_USAGE = YES_ERROR;
				CLANG_WARN_DOCUMENTATION_COMMENTS = YES;
				CLANG_WARN_EMPTY_BODY = YES;
				CLANG_WARN_ENUM_CONVERSION = YES;
				CLANG_WARN_INFINITE_RECURSION = YES;
				CLANG_WARN_INT_CONVERSION = YES;
				CLANG_WARN_NON_LITERAL_NULL_CONVERSION = YES;
				CLANG_WARN_OBJC_IMPLICIT_RETAIN_SELF = YES;
				CLANG_WARN_OBJC_LITERAL_CONVERSION = YES;
				CLANG_WARN_OBJC_ROOT_CLASS = YES_ERROR;
				CLANG_WARN_RANGE_LOOP_ANALYSIS = YES;
				CLANG_WARN_STRICT_PROTOTYPES = YES;
				CLANG_WARN_SUSPICIOUS_MOVE = YES;
				CLANG_WARN_UNGUARDED_AVAILABILITY = YES_AGGRESSIVE;
				CLANG_WARN_UNREACHABLE_CODE = YES;
				CLANG_WARN__DUPLICATE_METHOD_MATCH = YES;
				CODE_SIGN_IDENTITY = "iPhone Developer";
				COPY_PHASE_STRIP = NO;
				DEBUG_INFORMATION_FORMAT = "dwarf-with-dsym";
				ENABLE_NS_ASSERTIONS = NO;
				ENABLE_STRICT_OBJC_MSGSEND = YES;
				GCC_C_LANGUAGE_STANDARD = gnu11;
				GCC_NO_COMMON_BLOCKS = YES;
				GCC_WARN_64_TO_32_BIT_CONVERSION = YES;
				GCC_WARN_ABOUT_RETURN_TYPE = YES_ERROR;
				GCC_WARN_UNDECLARED_SELECTOR = YES;
				GCC_WARN_UNINITIALIZED_AUTOS = YES_AGGRESSIVE;
				GCC_WARN_UNUSED_FUNCTION = YES;
				GCC_WARN_UNUSED_VARIABLE = YES;
				IPHONEOS_DEPLOYMENT_TARGET = 12.1;
				MTL_ENABLE_DEBUG_INFO = NO;
				MTL_FAST_MATH = YES;
				SDKROOT = iphoneos;
				VALIDATE_PRODUCT = YES;
			};
			name = Release;
		};
		E0A5356B219A832E005A6056 /* Debug */ = {
			isa = XCBuildConfiguration;
			buildSettings = {
				ASSETCATALOG_COMPILER_APPICON_NAME = AppIcon;
				CLANG_ENABLE_MODULES = YES;
				CODE_SIGN_STYLE = Automatic;
				DEVELOPMENT_TEAM = SYCUWBSSGR;
				FRAMEWORK_SEARCH_PATHS = (
					"$(inherited)",
					"$(PROJECT_DIR)/ocr_db_crnn_demo",
					"$(PROJECT_DIR)",
				);
				INFOPLIST_FILE = "$(SRCROOT)/detection_demo/Info.plist";
				IPHONEOS_DEPLOYMENT_TARGET = 12.0;
				LD_RUNPATH_SEARCH_PATHS = (
					"$(inherited)",
					"@executable_path/Frameworks",
				);
				LIBRARY_SEARCH_PATHS = (
					"$(PROJECT_DIR)/detection_demo/lib/",
					"$(PROJECT_DIR)/ocr_db_crnn_demo/lib",
				);
				OTHER_LDFLAGS = "$(PROJECT_DIR)/detection_demo/lib/libpaddle_api_light_bundled.a";
				PRODUCT_BUNDLE_IDENTIFIER = "baidu.com.paddle-lite-demo.ocr";
				PRODUCT_NAME = "$(TARGET_NAME)";
				SWIFT_OBJC_BRIDGING_HEADER = "detection_demo-Bridging-Header.h";
				SWIFT_OPTIMIZATION_LEVEL = "-Onone";
				SWIFT_VERSION = 5.0;
				TARGETED_DEVICE_FAMILY = "1,2";
				USER_HEADER_SEARCH_PATHS = "\"$(SRCROOT)/ocr_db_crnn_demo/\"";
			};
			name = Debug;
		};
		E0A5356C219A832E005A6056 /* Release */ = {
			isa = XCBuildConfiguration;
			buildSettings = {
				ASSETCATALOG_COMPILER_APPICON_NAME = AppIcon;
				CLANG_ENABLE_MODULES = YES;
				CODE_SIGN_STYLE = Automatic;
				DEVELOPMENT_TEAM = SYCUWBSSGR;
				FRAMEWORK_SEARCH_PATHS = (
					"$(inherited)",
					"$(PROJECT_DIR)/ocr_db_crnn_demo",
					"$(PROJECT_DIR)",
				);
				INFOPLIST_FILE = "$(SRCROOT)/detection_demo/Info.plist";
				IPHONEOS_DEPLOYMENT_TARGET = 12.0;
				LD_RUNPATH_SEARCH_PATHS = (
					"$(inherited)",
					"@executable_path/Frameworks",
				);
				LIBRARY_SEARCH_PATHS = (
					"$(PROJECT_DIR)/detection_demo/lib/",
					"$(PROJECT_DIR)/ocr_db_crnn_demo/lib",
				);
				OTHER_LDFLAGS = "$(PROJECT_DIR)/detection_demo/lib/libpaddle_api_light_bundled.a";
				PRODUCT_BUNDLE_IDENTIFIER = "baidu.com.paddle-lite-demo.ocr";
				PRODUCT_NAME = "$(TARGET_NAME)";
				SWIFT_OBJC_BRIDGING_HEADER = "detection_demo-Bridging-Header.h";
				SWIFT_VERSION = 5.0;
				TARGETED_DEVICE_FAMILY = "1,2";
				USER_HEADER_SEARCH_PATHS = "\"$(SRCROOT)/ocr_db_crnn_demo/\"";
			};
			name = Release;
		};
/* End XCBuildConfiguration section */

/* Begin XCConfigurationList section */
		E0A5354F219A8329005A6056 /* Build configuration list for PBXProject "ocr_db_crnn_demo" */ = {
			isa = XCConfigurationList;
			buildConfigurations = (
				E0A53568219A832E005A6056 /* Debug */,
				E0A53569219A832E005A6056 /* Release */,
			);
			defaultConfigurationIsVisible = 0;
			defaultConfigurationName = Release;
		};
		E0A5356A219A832E005A6056 /* Build configuration list for PBXNativeTarget "detection_demo" */ = {
			isa = XCConfigurationList;
			buildConfigurations = (
				E0A5356B219A832E005A6056 /* Debug */,
				E0A5356C219A832E005A6056 /* Release */,
			);
			defaultConfigurationIsVisible = 0;
			defaultConfigurationName = Release;
		};
/* End XCConfigurationList section */
	};
	rootObject = E0A5354C219A8329005A6056 /* Project object */;
}
